
Microsoft Visual Studio Solution File, Format Version 12.00
# Visual Studio Version 17
VisualStudioVersion = 17.11.35431.28
MinimumVisualStudioVersion = 10.0.40219.1
Project("{FAE04EC0-301F-11D3-BF4B-00C04F79EFBC}") = "SampleApp", "SampleApp.csproj", "{4002BBE8-2766-448A-831F-B2538DDD351B}"
EndProject
Global
	GlobalSection(SolutionConfigurationPlatforms) = preSolution
		Debug|Any CPU = Debug|Any CPU
		Release|Any CPU = Release|Any CPU
	EndGlobalSection
	GlobalSection(ProjectConfigurationPlatforms) = postSolution
		{4002BBE8-2766-448A-831F-B2538DDD351B}.Debug|Any CPU.ActiveCfg = Debug|Any CPU
		{4002BBE8-2766-448A-831F-B2538DDD351B}.Debug|Any CPU.Build.0 = Debug|Any CPU
		{4002BBE8-2766-448A-831F-B2538DDD351B}.Release|Any CPU.ActiveCfg = Release|Any CPU
		{4002BBE8-2766-448A-831F-B2538DDD351B}.Release|Any CPU.Build.0 = Release|Any CPU
	EndGlobalSection
	GlobalSection(SolutionProperties) = preSolution
		HideSolutionNode = FALSE
	EndGlobalSection
	GlobalSection(ExtensibilityGlobals) = postSolution
		SolutionGuid = {1086BDE6-B6FC-4A76-80B2-51705ADC984B}
	EndGlobalSection
EndGlobal
